# THIS IS AN AUTOGENERATED FILE. DO NOT EDIT THIS FILE DIRECTLY.
# yarn lockfile v1


arg@^5.0.2:
  version "5.0.2"
  resolved "https://registry.yarnpkg.com/arg/-/arg-5.0.2.tgz#c81433cc427c92c4dcf4865142dbca6f15acd59c"
  integrity sha512-PYjyFOLKQ9y57JvQ6QLo8dAgNqswh8M1RMJYdQduT6xbWSgK36P/Z/v+p888pM69jMMfS8Xd8F6I1kQ/I9HUGg==

code-colors@^1.0.0:
  version "1.0.0"
  resolved "https://registry.yarnpkg.com/code-colors/-/code-colors-1.0.0.tgz#1b7918f651b6e384fbdbfdf9936a44ce5beadce7"
  integrity sha512-9gmfSEetuZa86KhvZIr2mP7DmC2GHro7pYfd+JvvFxjaIqw1FEi2yHa21YOKCpsceY02bnuK12Em7pUiE4C/hA==
  dependencies:
    highlight.js "^11.8.0"
    json-joy "^9.3.0"
    thingies "^1.11.1"

highlight.js@^11.8.0:
  version "11.8.0"
  resolved "https://registry.yarnpkg.com/highlight.js/-/highlight.js-11.8.0.tgz#966518ea83257bae2e7c9a48596231856555bb65"
  integrity sha512-MedQhoqVdr0U6SSnWPzfiadUcDHfN/Wzq25AkXiQv9oiOO/sG0S7XkvpFIqWBl9Yq1UYyYOOVORs5UW2XlPyzg==

hyperdyperid@^1.2.0:
  version "1.2.0"
  resolved "https://registry.yarnpkg.com/hyperdyperid/-/hyperdyperid-1.2.0.tgz#59668d323ada92228d2a869d3e474d5a33b69e6b"
  integrity sha512-Y93lCzHYgGWdrJ66yIktxiaGULYc6oGiABxhcO5AufBeOyoIdZF7bIfLaOrbM0iGIOXQQgxxRrFEnb+Y6w1n4A==

"js-tokens@^3.0.0 || ^4.0.0":
  version "4.0.0"
  resolved "https://registry.yarnpkg.com/js-tokens/-/js-tokens-4.0.0.tgz#19203fb59991df98e3a287050d4647cdeaf32499"
  integrity sha512-RdJUflcE3cUzKiMqQgsCu06FPu9UdIJO0beYbPhHN4k6apgJtifcoCtT9bcxOpYBtpD2kCM6Sbzg4CausW/PKQ==

json-joy@^9.3.0:
  version "9.3.0"
  resolved "https://registry.yarnpkg.com/json-joy/-/json-joy-9.3.0.tgz#3895579591b96416c7c81ea3a590068b1188e6a4"
  integrity sha512-ZQiyMcbcfqki5Bsk0kWfne/Ixl4Q6cLBzCd3VE/TSp7jhns/WDBrIMTuyzDfwmLxuFtQdojiLSLX8MxTyK23QA==
  dependencies:
    arg "^5.0.2"
    hyperdyperid "^1.2.0"

loose-envify@^1.1.0:
  version "1.4.0"
  resolved "https://registry.yarnpkg.com/loose-envify/-/loose-envify-1.4.0.tgz#71ee51fa7be4caec1a63839f7e682d8132d30caf"
  integrity sha512-lyuxPGr/Wfhrlem2CL/UcnUc1zcqKAImBDzukY7Y5F/yQiNdko6+fRLevlw1HgMySw7f611UIY408EtxRSoK3Q==
  dependencies:
    js-tokens "^3.0.0 || ^4.0.0"

react-dom@^18.2.0:
  version "18.2.0"
  resolved "https://registry.yarnpkg.com/react-dom/-/react-dom-18.2.0.tgz#22aaf38708db2674ed9ada224ca4aa708d821e3d"
  integrity sha512-6IMTriUmvsjHUjNtEDudZfuDQUoWXVxKHhlEGSk81n4YFS+r/Kl99wXiwlVXtPBtJenozv2P+hxDsw9eA7Xo6g==
  dependencies:
    loose-envify "^1.1.0"
    scheduler "^0.23.0"

react@^18.2.0:
  version "18.2.0"
  resolved "https://registry.yarnpkg.com/react/-/react-18.2.0.tgz#555bd98592883255fa00de14f1151a917b5d77d5"
  integrity sha512-/3IjMdb2L9QbBdWiW5e3P2/npwMBaU9mHCSCUzNln0ZCYbcfTsGbTJrU/kGemdH2IWmB2ioZ+zkxtmq6g09fGQ==
  dependencies:
    loose-envify "^1.1.0"

scheduler@^0.23.0:
  version "0.23.0"
  resolved "https://registry.yarnpkg.com/scheduler/-/scheduler-0.23.0.tgz#ba8041afc3d30eb206a487b6b384002e4e61fdfe"
  integrity sha512-CtuThmgHNg7zIZWAXi3AsyIzA3n4xx7aNyjwC2VJldO2LMVDhFK+63xGqq6CsJH4rTAt6/M+N4GhZiDYPx9eUw==
  dependencies:
    loose-envify "^1.1.0"

thingies@^1.11.1:
  version "1.11.1"
  resolved "https://registry.yarnpkg.com/thingies/-/thingies-1.11.1.tgz#47a648e2b42c3bb011e493e0c99df20a2758c25d"
  integrity sha512-SXWTuQA6TFjpfV4xiwPs4FkHashZShR/Hugosrm9sRMm63fAdgZaWKixt5YvuP6VwDaAROcDwf9cFeuw1DeekA==
